{
  "name": "eatinerary",
  "version": "1.0.0",
  "lockfileVersion": 2,
  "requires": true,
  "packages": {
    "": {
      "name": "eatinerary",
      "version": "1.0.0",
      "hasInstallScript": true,
      "license": "ISC",
      "engines": {
        "node": "16.13.1",
        "npm": "8.1.2"
      }
    }
  }
}
